
Microsoft Visual Studio Solution File, Format Version 12.00
# Visual Studio 15
VisualStudioVersion = 15.0.26430.16
MinimumVisualStudioVersion = 10.0.40219.1
Project("{FAE04EC0-301F-11D3-BF4B-00C04F79EFBC}") = "Problem1", "Problem1\Problem1.csproj", "{3F96E24D-F8A6-407C-8BD8-EF49A84D1D71}"
EndProject
Project("{FAE04EC0-301F-11D3-BF4B-00C04F79EFBC}") = "Problem1_Test", "Problem1_Test\Problem1_Test.csproj", "{1C130996-D818-4F2F-B050-803E7960E143}"
EndProject
Project("{2150E333-8FDC-42A3-9474-1A3956D46DE8}") = "P1", "P1", "{A5B94CDF-89D5-4825-961E-F94A70BC5A86}"
EndProject
Project("{2150E333-8FDC-42A3-9474-1A3956D46DE8}") = "P2", "P2", "{2C611EBC-6DC6-48F4-92A6-80FBB1DA54F6}"
EndProject
Project("{FAE04EC0-301F-11D3-BF4B-00C04F79EFBC}") = "Problem2", "Problem2\Problem2.csproj", "{861B0488-EC7C-443C-BE1D-38F6865FFEA0}"
EndProject
Project("{FAE04EC0-301F-11D3-BF4B-00C04F79EFBC}") = "Problem2_Test", "Problem2_Test\Problem2_Test.csproj", "{E561D6AF-0D63-4B93-934F-B9150F07AEA4}"
EndProject
Project("{2150E333-8FDC-42A3-9474-1A3956D46DE8}") = "P3", "P3", "{86C9C349-4273-4521-8593-11EBBC7B4933}"
EndProject
Project("{FAE04EC0-301F-11D3-BF4B-00C04F79EFBC}") = "Problem3_Test", "Problem3_Test\Problem3_Test.csproj", "{DD0CAA04-BC5C-4936-BED0-AF662FF621E3}"
EndProject
Project("{FAE04EC0-301F-11D3-BF4B-00C04F79EFBC}") = "Problem3", "Problem3\Problem3.csproj", "{A922BF6D-D165-4FE4-A6F7-4424C34FB29A}"
EndProject
Global
	GlobalSection(SolutionConfigurationPlatforms) = preSolution
		Debug|Any CPU = Debug|Any CPU
		Release|Any CPU = Release|Any CPU
	EndGlobalSection
	GlobalSection(ProjectConfigurationPlatforms) = postSolution
		{3F96E24D-F8A6-407C-8BD8-EF49A84D1D71}.Debug|Any CPU.ActiveCfg = Debug|Any CPU
		{3F96E24D-F8A6-407C-8BD8-EF49A84D1D71}.Debug|Any CPU.Build.0 = Debug|Any CPU
		{3F96E24D-F8A6-407C-8BD8-EF49A84D1D71}.Release|Any CPU.ActiveCfg = Release|Any CPU
		{3F96E24D-F8A6-407C-8BD8-EF49A84D1D71}.Release|Any CPU.Build.0 = Release|Any CPU
		{1C130996-D818-4F2F-B050-803E7960E143}.Debug|Any CPU.ActiveCfg = Debug|Any CPU
		{1C130996-D818-4F2F-B050-803E7960E143}.Debug|Any CPU.Build.0 = Debug|Any CPU
		{1C130996-D818-4F2F-B050-803E7960E143}.Release|Any CPU.ActiveCfg = Release|Any CPU
		{1C130996-D818-4F2F-B050-803E7960E143}.Release|Any CPU.Build.0 = Release|Any CPU
		{861B0488-EC7C-443C-BE1D-38F6865FFEA0}.Debug|Any CPU.ActiveCfg = Debug|Any CPU
		{861B0488-EC7C-443C-BE1D-38F6865FFEA0}.Debug|Any CPU.Build.0 = Debug|Any CPU
		{861B0488-EC7C-443C-BE1D-38F6865FFEA0}.Release|Any CPU.ActiveCfg = Release|Any CPU
		{861B0488-EC7C-443C-BE1D-38F6865FFEA0}.Release|Any CPU.Build.0 = Release|Any CPU
		{E561D6AF-0D63-4B93-934F-B9150F07AEA4}.Debug|Any CPU.ActiveCfg = Debug|Any CPU
		{E561D6AF-0D63-4B93-934F-B9150F07AEA4}.Debug|Any CPU.Build.0 = Debug|Any CPU
		{E561D6AF-0D63-4B93-934F-B9150F07AEA4}.Release|Any CPU.ActiveCfg = Release|Any CPU
		{E561D6AF-0D63-4B93-934F-B9150F07AEA4}.Release|Any CPU.Build.0 = Release|Any CPU
		{DD0CAA04-BC5C-4936-BED0-AF662FF621E3}.Debug|Any CPU.ActiveCfg = Debug|Any CPU
		{DD0CAA04-BC5C-4936-BED0-AF662FF621E3}.Debug|Any CPU.Build.0 = Debug|Any CPU
		{DD0CAA04-BC5C-4936-BED0-AF662FF621E3}.Release|Any CPU.ActiveCfg = Release|Any CPU
		{DD0CAA04-BC5C-4936-BED0-AF662FF621E3}.Release|Any CPU.Build.0 = Release|Any CPU
		{A922BF6D-D165-4FE4-A6F7-4424C34FB29A}.Debug|Any CPU.ActiveCfg = Debug|Any CPU
		{A922BF6D-D165-4FE4-A6F7-4424C34FB29A}.Debug|Any CPU.Build.0 = Debug|Any CPU
		{A922BF6D-D165-4FE4-A6F7-4424C34FB29A}.Release|Any CPU.ActiveCfg = Release|Any CPU
		{A922BF6D-D165-4FE4-A6F7-4424C34FB29A}.Release|Any CPU.Build.0 = Release|Any CPU
	EndGlobalSection
	GlobalSection(SolutionProperties) = preSolution
		HideSolutionNode = FALSE
	EndGlobalSection
	GlobalSection(NestedProjects) = preSolution
		{3F96E24D-F8A6-407C-8BD8-EF49A84D1D71} = {A5B94CDF-89D5-4825-961E-F94A70BC5A86}
		{1C130996-D818-4F2F-B050-803E7960E143} = {A5B94CDF-89D5-4825-961E-F94A70BC5A86}
		{861B0488-EC7C-443C-BE1D-38F6865FFEA0} = {2C611EBC-6DC6-48F4-92A6-80FBB1DA54F6}
		{E561D6AF-0D63-4B93-934F-B9150F07AEA4} = {2C611EBC-6DC6-48F4-92A6-80FBB1DA54F6}
		{DD0CAA04-BC5C-4936-BED0-AF662FF621E3} = {86C9C349-4273-4521-8593-11EBBC7B4933}
		{A922BF6D-D165-4FE4-A6F7-4424C34FB29A} = {86C9C349-4273-4521-8593-11EBBC7B4933}
	EndGlobalSection
EndGlobal
